
Microsoft Visual Studio Solution File, Format Version 12.00
# Visual Studio Version 17
VisualStudioVersion = 17.5.33516.290
MinimumVisualStudioVersion = 10.0.40219.1
Project("{FAE04EC0-301F-11D3-BF4B-00C04F79EFBC}") = "AppHotelBeachSA", "AppHotelBeachSA\AppHotelBeachSA.csproj", "{5DD5C8C1-D4C5-4504-BADB-F5285DD4B695}"
EndProject
Global
	GlobalSection(SolutionConfigurationPlatforms) = preSolution
		Debug|Any CPU = Debug|Any CPU
		Release|Any CPU = Release|Any CPU
	EndGlobalSection
	GlobalSection(ProjectConfigurationPlatforms) = postSolution
		{5DD5C8C1-D4C5-4504-BADB-F5285DD4B695}.Debug|Any CPU.ActiveCfg = Debug|Any CPU
		{5DD5C8C1-D4C5-4504-BADB-F5285DD4B695}.Debug|Any CPU.Build.0 = Debug|Any CPU
		{5DD5C8C1-D4C5-4504-BADB-F5285DD4B695}.Release|Any CPU.ActiveCfg = Release|Any CPU
		{5DD5C8C1-D4C5-4504-BADB-F5285DD4B695}.Release|Any CPU.Build.0 = Release|Any CPU
	EndGlobalSection
	GlobalSection(SolutionProperties) = preSolution
		HideSolutionNode = FALSE
	EndGlobalSection
	GlobalSection(ExtensibilityGlobals) = postSolution
		SolutionGuid = {EDE7B4A7-52B6-4CDB-91DB-DDAFF7128A05}
	EndGlobalSection
EndGlobal
